
Microsoft Visual Studio Solution File, Format Version 12.00
# Visual Studio Version 17
VisualStudioVersion = 17.7.34009.444
MinimumVisualStudioVersion = 10.0.40219.1
Project("{FAE04EC0-301F-11D3-BF4B-00C04F79EFBC}") = "planet_mass", "planet_mass\planet_mass.csproj", "{6B433E3C-F991-4399-8F7D-4F8ECD0B1169}"
EndProject
Global
	GlobalSection(SolutionConfigurationPlatforms) = preSolution
		Debug|Any CPU = Debug|Any CPU
		Release|Any CPU = Release|Any CPU
	EndGlobalSection
	GlobalSection(ProjectConfigurationPlatforms) = postSolution
		{6B433E3C-F991-4399-8F7D-4F8ECD0B1169}.Debug|Any CPU.ActiveCfg = Debug|Any CPU
		{6B433E3C-F991-4399-8F7D-4F8ECD0B1169}.Debug|Any CPU.Build.0 = Debug|Any CPU
		{6B433E3C-F991-4399-8F7D-4F8ECD0B1169}.Release|Any CPU.ActiveCfg = Release|Any CPU
		{6B433E3C-F991-4399-8F7D-4F8ECD0B1169}.Release|Any CPU.Build.0 = Release|Any CPU
	EndGlobalSection
	GlobalSection(SolutionProperties) = preSolution
		HideSolutionNode = FALSE
	EndGlobalSection
	GlobalSection(ExtensibilityGlobals) = postSolution
		SolutionGuid = {58668E74-AA33-4CA9-BECB-794758E4E9B9}
	EndGlobalSection
EndGlobal
